// !$*UTF8*$!
{
	archiveVersion = 1;
	classes = {
	};
	objectVersion = 50;
	objects = {

/* Begin PBXBuildFile section */
		9241F35020B9CB3C00ED4208 /* APIService.swift in Sources */ = {isa = PBXBuildFile; fileRef = 9241F34F20B9CB3C00ED4208 /* APIService.swift */; };
		9241F35220B9E77700ED4208 /* UsesViewController.swift in Sources */ = {isa = PBXBuildFile; fileRef = 9241F35120B9E77700ED4208 /* UsesViewController.swift */; };
		9241F35420BA1EFA00ED4208 /* Illness.swift in Sources */ = {isa = PBXBuildFile; fileRef = 9241F35320BA1EFA00ED4208 /* Illness.swift */; };
		9241F35620BB4D5F00ED4208 /* PlantsDetailsViewController.swift in Sources */ = {isa = PBXBuildFile; fileRef = 9241F35520BB4D5F00ED4208 /* PlantsDetailsViewController.swift */; };
		929701A520B5963C00753D51 /* AppDelegate.swift in Sources */ = {isa = PBXBuildFile; fileRef = 929701A420B5963C00753D51 /* AppDelegate.swift */; };
		929701A720B5963C00753D51 /* PlantsViewController.swift in Sources */ = {isa = PBXBuildFile; fileRef = 929701A620B5963C00753D51 /* PlantsViewController.swift */; };
		929701AA20B5963C00753D51 /* Main.storyboard in Resources */ = {isa = PBXBuildFile; fileRef = 929701A820B5963C00753D51 /* Main.storyboard */; };
		929701AD20B5963C00753D51 /* wikiPlant.xcdatamodeld in Sources */ = {isa = PBXBuildFile; fileRef = 929701AB20B5963C00753D51 /* wikiPlant.xcdatamodeld */; };
		929701AF20B5963F00753D51 /* Assets.xcassets in Resources */ = {isa = PBXBuildFile; fileRef = 929701AE20B5963F00753D51 /* Assets.xcassets */; };
		929701BA20B5966E00753D51 /* PlantsCollectionViewCell.swift in Sources */ = {isa = PBXBuildFile; fileRef = 929701B920B5966E00753D51 /* PlantsCollectionViewCell.swift */; };
		929701BC20B5980A00753D51 /* Plant.swift in Sources */ = {isa = PBXBuildFile; fileRef = 929701BB20B5980A00753D51 /* Plant.swift */; };
		929701C320B59BA400753D51 /* DBConnection.swift in Sources */ = {isa = PBXBuildFile; fileRef = 929701C220B59BA400753D51 /* DBConnection.swift */; };
/* End PBXBuildFile section */

/* Begin PBXFileReference section */
		9241F34F20B9CB3C00ED4208 /* APIService.swift */ = {isa = PBXFileReference; lastKnownFileType = sourcecode.swift; name = APIService.swift; path = wikiPlant/DB/APIService.swift; sourceTree = SOURCE_ROOT; };
		9241F35120B9E77700ED4208 /* UsesViewController.swift */ = {isa = PBXFileReference; lastKnownFileType = sourcecode.swift; path = UsesViewController.swift; sourceTree = "<group>"; };
		9241F35320BA1EFA00ED4208 /* Illness.swift */ = {isa = PBXFileReference; lastKnownFileType = sourcecode.swift; path = Illness.swift; sourceTree = "<group>"; };
		9241F35520BB4D5F00ED4208 /* PlantsDetailsViewController.swift */ = {isa = PBXFileReference; lastKnownFileType = sourcecode.swift; path = PlantsDetailsViewController.swift; sourceTree = "<group>"; };
		929701A120B5963C00753D51 /* wikiPlant.app */ = {isa = PBXFileReference; explicitFileType = wrapper.application; includeInIndex = 0; path = wikiPlant.app; sourceTree = BUILT_PRODUCTS_DIR; };
		929701A420B5963C00753D51 /* AppDelegate.swift */ = {isa = PBXFileReference; lastKnownFileType = sourcecode.swift; path = AppDelegate.swift; sourceTree = "<group>"; };
		929701A620B5963C00753D51 /* PlantsViewController.swift */ = {isa = PBXFileReference; lastKnownFileType = sourcecode.swift; path = PlantsViewController.swift; sourceTree = "<group>"; };
		929701A920B5963C00753D51 /* Base */ = {isa = PBXFileReference; lastKnownFileType = file.storyboard; name = Base; path = Base.lproj/Main.storyboard; sourceTree = "<group>"; };
		929701AC20B5963C00753D51 /* wikiPlant.xcdatamodel */ = {isa = PBXFileReference; lastKnownFileType = wrapper.xcdatamodel; path = wikiPlant.xcdatamodel; sourceTree = "<group>"; };
		929701AE20B5963F00753D51 /* Assets.xcassets */ = {isa = PBXFileReference; lastKnownFileType = folder.assetcatalog; path = Assets.xcassets; sourceTree = "<group>"; };
		929701B320B5963F00753D51 /* Info.plist */ = {isa = PBXFileReference; lastKnownFileType = text.plist.xml; path = Info.plist; sourceTree = "<group>"; };
		929701B920B5966E00753D51 /* PlantsCollectionViewCell.swift */ = {isa = PBXFileReference; lastKnownFileType = sourcecode.swift; path = PlantsCollectionViewCell.swift; sourceTree = "<group>"; };
		929701BB20B5980A00753D51 /* Plant.swift */ = {isa = PBXFileReference; lastKnownFileType = sourcecode.swift; path = Plant.swift; sourceTree = "<group>"; };
		929701C220B59BA400753D51 /* DBConnection.swift */ = {isa = PBXFileReference; lastKnownFileType = sourcecode.swift; path = DBConnection.swift; sourceTree = "<group>"; };
/* End PBXFileReference section */

/* Begin PBXFrameworksBuildPhase section */
		9297019E20B5963C00753D51 /* Frameworks */ = {
			isa = PBXFrameworksBuildPhase;
			buildActionMask = 2147483647;
			files = (
			);
			runOnlyForDeploymentPostprocessing = 0;
		};
/* End PBXFrameworksBuildPhase section */

/* Begin PBXGroup section */
		9241F34E20B9CB2C00ED4208 /* Network */ = {
			isa = PBXGroup;
			children = (
				9241F34F20B9CB3C00ED4208 /* APIService.swift */,
			);
			path = Network;
			sourceTree = "<group>";
		};
		9297019820B5963C00753D51 = {
			isa = PBXGroup;
			children = (
				929701A320B5963C00753D51 /* wikiPlant */,
				929701A220B5963C00753D51 /* Products */,
			);
			sourceTree = "<group>";
		};
		929701A220B5963C00753D51 /* Products */ = {
			isa = PBXGroup;
			children = (
				929701A120B5963C00753D51 /* wikiPlant.app */,
			);
			name = Products;
			sourceTree = "<group>";
		};
		929701A320B5963C00753D51 /* wikiPlant */ = {
			isa = PBXGroup;
			children = (
				929701BF20B59A9B00753D51 /* UI */,
				9241F34E20B9CB2C00ED4208 /* Network */,
				929701BE20B599B400753D51 /* DB */,
				929701AE20B5963F00753D51 /* Assets.xcassets */,
				929701A420B5963C00753D51 /* AppDelegate.swift */,
				929701B320B5963F00753D51 /* Info.plist */,
			);
			path = wikiPlant;
			sourceTree = "<group>";
		};
		929701BD20B5990600753D51 /* Model */ = {
			isa = PBXGroup;
			children = (
				929701BB20B5980A00753D51 /* Plant.swift */,
				9241F35320BA1EFA00ED4208 /* Illness.swift */,
			);
			path = Model;
			sourceTree = "<group>";
		};
		929701BE20B599B400753D51 /* DB */ = {
			isa = PBXGroup;
			children = (
				929701AB20B5963C00753D51 /* wikiPlant.xcdatamodeld */,
				929701C220B59BA400753D51 /* DBConnection.swift */,
			);
			path = DB;
			sourceTree = "<group>";
		};
		929701BF20B59A9B00753D51 /* UI */ = {
			isa = PBXGroup;
			children = (
				929701C120B59AE400753D51 /* View */,
				929701C020B59AD400753D51 /* Controller */,
				929701BD20B5990600753D51 /* Model */,
			);
			path = UI;
			sourceTree = "<group>";
		};
		929701C020B59AD400753D51 /* Controller */ = {
			isa = PBXGroup;
			children = (
				929701A620B5963C00753D51 /* PlantsViewController.swift */,
				9241F35120B9E77700ED4208 /* UsesViewController.swift */,
				929701B920B5966E00753D51 /* PlantsCollectionViewCell.swift */,
				9241F35520BB4D5F00ED4208 /* PlantsDetailsViewController.swift */,
			);
			path = Controller;
			sourceTree = "<group>";
		};
		929701C120B59AE400753D51 /* View */ = {
			isa = PBXGroup;
			children = (
				929701A820B5963C00753D51 /* Main.storyboard */,
			);
			path = View;
			sourceTree = "<group>";
		};
/* End PBXGroup section */

/* Begin PBXNativeTarget section */
		929701A020B5963C00753D51 /* wikiPlant */ = {
			isa = PBXNativeTarget;
			buildConfigurationList = 929701B620B5963F00753D51 /* Build configuration list for PBXNativeTarget "wikiPlant" */;
			buildPhases = (
				9297019D20B5963C00753D51 /* Sources */,
				9297019E20B5963C00753D51 /* Frameworks */,
				9297019F20B5963C00753D51 /* Resources */,
			);
			buildRules = (
			);
			dependencies = (
			);
			name = wikiPlant;
			productName = wikiPlant;
			productReference = 929701A120B5963C00753D51 /* wikiPlant.app */;
			productType = "com.apple.product-type.application";
		};
/* End PBXNativeTarget section */

/* Begin PBXProject section */
		9297019920B5963C00753D51 /* Project object */ = {
			isa = PBXProject;
			attributes = {
				LastSwiftUpdateCheck = 0930;
				LastUpgradeCheck = 0930;
				ORGANIZATIONNAME = "Ana Rebollo Pin";
				TargetAttributes = {
					929701A020B5963C00753D51 = {
						CreatedOnToolsVersion = 9.3.1;
					};
				};
			};
			buildConfigurationList = 9297019C20B5963C00753D51 /* Build configuration list for PBXProject "wikiPlant" */;
			compatibilityVersion = "Xcode 9.3";
			developmentRegion = en;
			hasScannedForEncodings = 0;
			knownRegions = (
				en,
				Base,
			);
			mainGroup = 9297019820B5963C00753D51;
			productRefGroup = 929701A220B5963C00753D51 /* Products */;
			projectDirPath = "";
			projectRoot = "";
			targets = (
				929701A020B5963C00753D51 /* wikiPlant */,
			);
		};
/* End PBXProject section */

/* Begin PBXResourcesBuildPhase section */
		9297019F20B5963C00753D51 /* Resources */ = {
			isa = PBXResourcesBuildPhase;
			buildActionMask = 2147483647;
			files = (
				929701AF20B5963F00753D51 /* Assets.xcassets in Resources */,
				929701AA20B5963C00753D51 /* Main.storyboard in Resources */,
			);
			runOnlyForDeploymentPostprocessing = 0;
		};
/* End PBXResourcesBuildPhase section */

/* Begin PBXSourcesBuildPhase section */
		9297019D20B5963C00753D51 /* Sources */ = {
			isa = PBXSourcesBuildPhase;
			buildActionMask = 2147483647;
			files = (
				929701BC20B5980A00753D51 /* Plant.swift in Sources */,
				929701A720B5963C00753D51 /* PlantsViewController.swift in Sources */,
				9241F35220B9E77700ED4208 /* UsesViewController.swift in Sources */,
				9241F35020B9CB3C00ED4208 /* APIService.swift in Sources */,
				929701AD20B5963C00753D51 /* wikiPlant.xcdatamodeld in Sources */,
				929701C320B59BA400753D51 /* DBConnection.swift in Sources */,
				929701BA20B5966E00753D51 /* PlantsCollectionViewCell.swift in Sources */,
				9241F35620BB4D5F00ED4208 /* PlantsDetailsViewController.swift in Sources */,
				929701A520B5963C00753D51 /* AppDelegate.swift in Sources */,
				9241F35420BA1EFA00ED4208 /* Illness.swift in Sources */,
			);
			runOnlyForDeploymentPostprocessing = 0;
		};
/* End PBXSourcesBuildPhase section */

/* Begin PBXVariantGroup section */
		929701A820B5963C00753D51 /* Main.storyboard */ = {
			isa = PBXVariantGroup;
			children = (
				929701A920B5963C00753D51 /* Base */,
			);
			name = Main.storyboard;
			sourceTree = "<group>";
		};
/* End PBXVariantGroup section */

/* Begin XCBuildConfiguration section */
		929701B420B5963F00753D51 /* Debug */ = {
			isa = XCBuildConfiguration;
			buildSettings = {
				ALWAYS_SEARCH_USER_PATHS = NO;
				CLANG_ANALYZER_NONNULL = YES;
				CLANG_ANALYZER_NUMBER_OBJECT_CONVERSION = YES_AGGRESSIVE;
				CLANG_CXX_LANGUAGE_STANDARD = "gnu++14";
				CLANG_CXX_LIBRARY = "libc++";
				CLANG_ENABLE_MODULES = YES;
				CLANG_ENABLE_OBJC_ARC = YES;
				CLANG_ENABLE_OBJC_WEAK = YES;
				CLANG_WARN_BLOCK_CAPTURE_AUTORELEASING = YES;
				CLANG_WARN_BOOL_CONVERSION = YES;
				CLANG_WARN_COMMA = YES;
				CLANG_WARN_CONSTANT_CONVERSION = YES;
				CLANG_WARN_DEPRECATED_OBJC_IMPLEMENTATIONS = YES;
				CLANG_WARN_DIRECT_OBJC_ISA_USAGE = YES_ERROR;
				CLANG_WARN_DOCUMENTATION_COMMENTS = YES;
				CLANG_WARN_EMPTY_BODY = YES;
				CLANG_WARN_ENUM_CONVERSION = YES;
				CLANG_WARN_INFINITE_RECURSION = YES;
				CLANG_WARN_INT_CONVERSION = YES;
				CLANG_WARN_NON_LITERAL_NULL_CONVERSION = YES;
				CLANG_WARN_OBJC_IMPLICIT_RETAIN_SELF = YES;
				CLANG_WARN_OBJC_LITERAL_CONVERSION = YES;
				CLANG_WARN_OBJC_ROOT_CLASS = YES_ERROR;
				CLANG_WARN_RANGE_LOOP_ANALYSIS = YES;
				CLANG_WARN_STRICT_PROTOTYPES = YES;
				CLANG_WARN_SUSPICIOUS_MOVE = YES;
				CLANG_WARN_UNGUARDED_AVAILABILITY = YES_AGGRESSIVE;
				CLANG_WARN_UNREACHABLE_CODE = YES;
				CLANG_WARN__DUPLICATE_METHOD_MATCH = YES;
				CODE_SIGN_IDENTITY = "iPhone Developer";
				COPY_PHASE_STRIP = NO;
				DEBUG_INFORMATION_FORMAT = dwarf;
				ENABLE_STRICT_OBJC_MSGSEND = YES;
				ENABLE_TESTABILITY = YES;
				GCC_C_LANGUAGE_STANDARD = gnu11;
				GCC_DYNAMIC_NO_PIC = NO;
				GCC_NO_COMMON_BLOCKS = YES;
				GCC_OPTIMIZATION_LEVEL = 0;
				GCC_PREPROCESSOR_DEFINITIONS = (
					"DEBUG=1",
					"$(inherited)",
				);
				GCC_WARN_64_TO_32_BIT_CONVERSION = YES;
				GCC_WARN_ABOUT_RETURN_TYPE = YES_ERROR;
				GCC_WARN_UNDECLARED_SELECTOR = YES;
				GCC_WARN_UNINITIALIZED_AUTOS = YES_AGGRESSIVE;
				GCC_WARN_UNUSED_FUNCTION = YES;
				GCC_WARN_UNUSED_VARIABLE = YES;
				IPHONEOS_DEPLOYMENT_TARGET = 11.3;
				MTL_ENABLE_DEBUG_INFO = YES;
				ONLY_ACTIVE_ARCH = YES;
				SDKROOT = iphoneos;
				SWIFT_ACTIVE_COMPILATION_CONDITIONS = DEBUG;
				SWIFT_OPTIMIZATION_LEVEL = "-Onone";
			};
			name = Debug;
		};
		929701B520B5963F00753D51 /* Release */ = {
			isa = XCBuildConfiguration;
			buildSettings = {
				ALWAYS_SEARCH_USER_PATHS = NO;
				CLANG_ANALYZER_NONNULL = YES;
				CLANG_ANALYZER_NUMBER_OBJECT_CONVERSION = YES_AGGRESSIVE;
				CLANG_CXX_LANGUAGE_STANDARD = "gnu++14";
				CLANG_CXX_LIBRARY = "libc++";
				CLANG_ENABLE_MODULES = YES;
				CLANG_ENABLE_OBJC_ARC = YES;
				CLANG_ENABLE_OBJC_WEAK = YES;
				CLANG_WARN_BLOCK_CAPTURE_AUTORELEASING = YES;
				CLANG_WARN_BOOL_CONVERSION = YES;
				CLANG_WARN_COMMA = YES;
				CLANG_WARN_CONSTANT_CONVERSION = YES;
				CLANG_WARN_DEPRECATED_OBJC_IMPLEMENTATIONS = YES;
				CLANG_WARN_DIRECT_OBJC_ISA_USAGE = YES_ERROR;
				CLANG_WARN_DOCUMENTATION_COMMENTS = YES;
				CLANG_WARN_EMPTY_BODY = YES;
				CLANG_WARN_ENUM_CONVERSION = YES;
				CLANG_WARN_INFINITE_RECURSION = YES;
				CLANG_WARN_INT_CONVERSION = YES;
				CLANG_WARN_NON_LITERAL_NULL_CONVERSION = YES;
				CLANG_WARN_OBJC_IMPLICIT_RETAIN_SELF = YES;
				CLANG_WARN_OBJC_LITERAL_CONVERSION = YES;
				CLANG_WARN_OBJC_ROOT_CLASS = YES_ERROR;
				CLANG_WARN_RANGE_LOOP_ANALYSIS = YES;
				CLANG_WARN_STRICT_PROTOTYPES = YES;
				CLANG_WARN_SUSPICIOUS_MOVE = YES;
				CLANG_WARN_UNGUARDED_AVAILABILITY = YES_AGGRESSIVE;
				CLANG_WARN_UNREACHABLE_CODE = YES;
				CLANG_WARN__DUPLICATE_METHOD_MATCH = YES;
				CODE_SIGN_IDENTITY = "iPhone Developer";
				COPY_PHASE_STRIP = NO;
				DEBUG_INFORMATION_FORMAT = "dwarf-with-dsym";
				ENABLE_NS_ASSERTIONS = NO;
				ENABLE_STRICT_OBJC_MSGSEND = YES;
				GCC_C_LANGUAGE_STANDARD = gnu11;
				GCC_NO_COMMON_BLOCKS = YES;
				GCC_WARN_64_TO_32_BIT_CONVERSION = YES;
				GCC_WARN_ABOUT_RETURN_TYPE = YES_ERROR;
				GCC_WARN_UNDECLARED_SELECTOR = YES;
				GCC_WARN_UNINITIALIZED_AUTOS = YES_AGGRESSIVE;
				GCC_WARN_UNUSED_FUNCTION = YES;
				GCC_WARN_UNUSED_VARIABLE = YES;
				IPHONEOS_DEPLOYMENT_TARGET = 11.3;
				MTL_ENABLE_DEBUG_INFO = NO;
				SDKROOT = iphoneos;
				SWIFT_COMPILATION_MODE = wholemodule;
				SWIFT_OPTIMIZATION_LEVEL = "-O";
				VALIDATE_PRODUCT = YES;
			};
			name = Release;
		};
		929701B720B5963F00753D51 /* Debug */ = {
			isa = XCBuildConfiguration;
			buildSettings = {
				ASSETCATALOG_COMPILER_APPICON_NAME = AppIcon;
				CODE_SIGN_STYLE = Automatic;
				DEVELOPMENT_TEAM = 72A6UDK8W3;
				INFOPLIST_FILE = wikiPlant/Info.plist;
				LD_RUNPATH_SEARCH_PATHS = (
					"$(inherited)",
					"@executable_path/Frameworks",
				);
				PRODUCT_BUNDLE_IDENTIFIER = "Ana-Rebollo-Pin.wikiPlant";
				PRODUCT_NAME = "$(TARGET_NAME)";
				SWIFT_VERSION = 4.0;
				TARGETED_DEVICE_FAMILY = "1,2";
			};
			name = Debug;
		};
		929701B820B5963F00753D51 /* Release */ = {
			isa = XCBuildConfiguration;
			buildSettings = {
				ASSETCATALOG_COMPILER_APPICON_NAME = AppIcon;
				CODE_SIGN_STYLE = Automatic;
				DEVELOPMENT_TEAM = 72A6UDK8W3;
				INFOPLIST_FILE = wikiPlant/Info.plist;
				LD_RUNPATH_SEARCH_PATHS = (
					"$(inherited)",
					"@executable_path/Frameworks",
				);
				PRODUCT_BUNDLE_IDENTIFIER = "Ana-Rebollo-Pin.wikiPlant";
				PRODUCT_NAME = "$(TARGET_NAME)";
				SWIFT_VERSION = 4.0;
				TARGETED_DEVICE_FAMILY = "1,2";
			};
			name = Release;
		};
/* End XCBuildConfiguration section */

/* Begin XCConfigurationList section */
		9297019C20B5963C00753D51 /* Build configuration list for PBXProject "wikiPlant" */ = {
			isa = XCConfigurationList;
			buildConfigurations = (
				929701B420B5963F00753D51 /* Debug */,
				929701B520B5963F00753D51 /* Release */,
			);
			defaultConfigurationIsVisible = 0;
			defaultConfigurationName = Release;
		};
		929701B620B5963F00753D51 /* Build configuration list for PBXNativeTarget "wikiPlant" */ = {
			isa = XCConfigurationList;
			buildConfigurations = (
				929701B720B5963F00753D51 /* Debug */,
				929701B820B5963F00753D51 /* Release */,
			);
			defaultConfigurationIsVisible = 0;
			defaultConfigurationName = Release;
		};
/* End XCConfigurationList section */

/* Begin XCVersionGroup section */
		929701AB20B5963C00753D51 /* wikiPlant.xcdatamodeld */ = {
			isa = XCVersionGroup;
			children = (
				929701AC20B5963C00753D51 /* wikiPlant.xcdatamodel */,
			);
			currentVersion = 929701AC20B5963C00753D51 /* wikiPlant.xcdatamodel */;
			path = wikiPlant.xcdatamodeld;
			sourceTree = "<group>";
			versionGroupType = wrapper.xcdatamodel;
		};
/* End XCVersionGroup section */
	};
	rootObject = 9297019920B5963C00753D51 /* Project object */;
}
